opam-version: "2.0"
compiler: [
  "base-bigarray.base"
  "base-domains.base"
  "base-effects.base"
  "base-nnp.base"
  "base-threads.base"
  "base-unix.base"
  "ocaml.5.4.1"
  "ocaml-base-compiler.5.4.1"
  "ocaml-compiler.5.4.1"
  "ocaml-config.3"
  "ocaml-options-vanilla.1"
]
roots: [
  "ocaml-base-compiler.5.4.1"
  "ocamlfind.1.9.8"
  "rocq-core.9.2.0"
  "rocq-sail-stdpp.0.20.2"
]
installed: [
  "base-bigarray.base"
  "base-domains.base"
  "base-effects.base"
  "base-nnp.base"
  "base-threads.base"
  "base-unix.base"
  "conf-gmp.5"
  "conf-linux-libc-dev.0"
  "conf-pkg-config.5"
  "dune.3.23.1"
  "ocaml.5.4.1"
  "ocaml-base-compiler.5.4.1"
  "ocaml-compiler.5.4.1"
  "ocaml-config.3"
  "ocaml-options-vanilla.1"
  "ocamlfind.1.9.8"
  "rocq-core.9.2.0"
  "rocq-runtime.9.2.0"
  "rocq-sail-stdpp.0.20.2"
  "rocq-stdlib.9.2.0"
  "rocq-stdpp.1.13.0"
  "rocq-stdpp-bitvector.1.13.0"
  "zarith.1.14"
]
