opam-version: "2.0"
compiler: [
  "base-bigarray.base"
  "base-domains.base"
  "base-effects.base"
  "base-nnp.base"
  "base-threads.base"
  "base-unix.base"
  "ocaml.5.4.1"
  "ocaml-base-compiler.5.4.1"
  "ocaml-compiler.5.4.1"
  "ocaml-config.3"
  "ocaml-options-vanilla.1"
]
roots: [
  "coq.9.2.0"
  "coq-bedrock2-compiler.0.0.9"
  "coq-rupicola.0.0.11"
  "ocaml-base-compiler.5.4.1"
  "ocamlfind.1.9.8"
  "rocq-core.9.2.0"
]
installed: [
  "base-bigarray.base"
  "base-domains.base"
  "base-effects.base"
  "base-nnp.base"
  "base-threads.base"
  "base-unix.base"
  "conf-findutils.1"
  "conf-gmp.5"
  "conf-linux-libc-dev.0"
  "conf-pkg-config.5"
  "coq.9.2.0"
  "coq-bedrock2.0.0.9"
  "coq-bedrock2-compiler.0.0.9"
  "coq-coqutil.0.0.7"
  "coq-core.9.2.0"
  "coq-riscv.0.0.6"
  "coq-rupicola.0.0.11"
  "coqide-server.9.2.0"
  "dune.3.23.1"
  "ocaml.5.4.1"
  "ocaml-base-compiler.5.4.1"
  "ocaml-compiler.5.4.1"
  "ocaml-config.3"
  "ocaml-options-vanilla.1"
  "ocamlfind.1.9.8"
  "rocq-core.9.2.0"
  "rocq-runtime.9.2.0"
  "rocq-stdlib.9.2.0"
  "zarith.1.14"
]
