opam-version: "2.0"
compiler: [
  "base-bigarray.base"
  "base-domains.base"
  "base-effects.base"
  "base-nnp.base"
  "base-threads.base"
  "base-unix.base"
  "ocaml.5.4.1"
  "ocaml-base-compiler.5.4.1"
  "ocaml-compiler.5.4.1"
  "ocaml-config.3"
  "ocaml-options-vanilla.1"
]
roots: ["ocaml-base-compiler.5.4.1" "ocamlfind.1.9.8" "sail.0.20.2"]
installed: [
  "base-bigarray.base"
  "base-bytes.base"
  "base-domains.base"
  "base-effects.base"
  "base-nnp.base"
  "base-threads.base"
  "base-unix.base"
  "base64.3.5.2"
  "conf-findutils.1"
  "conf-gmp.5"
  "conf-pkg-config.5"
  "csexp.1.5.2"
  "dune.3.24.2"
  "dune-private-libs.3.24.2"
  "dune-site.3.24.2"
  "dyn.3.24.2"
  "fs-io.3.24.2"
  "lem.2026-05-01"
  "libsail.0.20.2"
  "linenoise.1.5.1"
  "linksem.0.8"
  "menhir.20260209"
  "menhirCST.20260209"
  "menhirGLR.20260209"
  "menhirLib.20260209"
  "menhirSdk.20260209"
  "num.1.6"
  "ocaml.5.4.1"
  "ocaml-base-compiler.5.4.1"
  "ocaml-compiler.5.4.1"
  "ocaml-config.3"
  "ocaml-options-vanilla.1"
  "ocamlbuild.0.16.1"
  "ocamlfind.1.9.8"
  "ocamlgraph.2.2.0"
  "omd.1.3.2"
  "ordering.3.24.2"
  "ott.0.34"
  "pp.2.0.0"
  "pprint.20230830"
  "sail.0.20.2"
  "sail_c_backend.0.20.2"
  "sail_coq_backend.0.20.2"
  "sail_doc_backend.0.20.2"
  "sail_latex_backend.0.20.2"
  "sail_lean_backend.0.20.2"
  "sail_lem_backend.0.20.2"
  "sail_maker.0.20.2"
  "sail_ocaml_backend.0.20.2"
  "sail_output.0.20.2"
  "sail_smt_backend.0.20.2"
  "sail_sv_backend.0.20.2"
  "stdune.3.24.2"
  "top-closure.3.24.2"
  "yojson.3.0.0"
  "zarith.1.14"
]
